
Microsoft Visual Studio Solution File, Format Version 12.00
# Visual Studio Version 17
VisualStudioVersion = 17.14.36221.1
MinimumVisualStudioVersion = 10.0.40219.1
Project("{FAE04EC0-301F-11D3-BF4B-00C04F79EFBC}") = "Niezken", "Niezken.csproj", "{2E27209C-03C9-4190-92C9-BC988EA04428}"
EndProject
Global
	GlobalSection(SolutionConfigurationPlatforms) = preSolution
		Debug|Any CPU = Debug|Any CPU
		Release|Any CPU = Release|Any CPU
	EndGlobalSection
	GlobalSection(ProjectConfigurationPlatforms) = postSolution
		{2E27209C-03C9-4190-92C9-BC988EA04428}.Debug|Any CPU.ActiveCfg = Debug|Any CPU
		{2E27209C-03C9-4190-92C9-BC988EA04428}.Debug|Any CPU.Build.0 = Debug|Any CPU
		{2E27209C-03C9-4190-92C9-BC988EA04428}.Release|Any CPU.ActiveCfg = Release|Any CPU
		{2E27209C-03C9-4190-92C9-BC988EA04428}.Release|Any CPU.Build.0 = Release|Any CPU
	EndGlobalSection
	GlobalSection(SolutionProperties) = preSolution
		HideSolutionNode = FALSE
	EndGlobalSection
	GlobalSection(ExtensibilityGlobals) = postSolution
		SolutionGuid = {19350DB9-D63F-4E4C-A010-D348BF5A604F}
	EndGlobalSection
EndGlobal
